// !$*UTF8*$!
{
	archiveVersion = 1;
	classes = {
	};
	objectVersion = 56;
	objects = {

/* Begin PBXBuildFile section */
		F522D49D298FB99600D1FA30 /* AppDelegate.swift in Sources */ = {isa = PBXBuildFile; fileRef = F522D49C298FB99600D1FA30 /* AppDelegate.swift */; };
		F522D49F298FB99600D1FA30 /* SceneDelegate.swift in Sources */ = {isa = PBXBuildFile; fileRef = F522D49E298FB99600D1FA30 /* SceneDelegate.swift */; };
		F522D4A1298FB99600D1FA30 /* ViewController.swift in Sources */ = {isa = PBXBuildFile; fileRef = F522D4A0298FB99600D1FA30 /* ViewController.swift */; };
		F522D4A4298FB99600D1FA30 /* Main.storyboard in Resources */ = {isa = PBXBuildFile; fileRef = F522D4A2298FB99600D1FA30 /* Main.storyboard */; };
		F522D4A6298FB99700D1FA30 /* Assets.xcassets in Resources */ = {isa = PBXBuildFile; fileRef = F522D4A5298FB99700D1FA30 /* Assets.xcassets */; };
		F522D4A9298FB99700D1FA30 /* LaunchScreen.storyboard in Resources */ = {isa = PBXBuildFile; fileRef = F522D4A7298FB99700D1FA30 /* LaunchScreen.storyboard */; };
		F565592829910525003AB984 /* GoogleService-Info.plist in Resources */ = {isa = PBXBuildFile; fileRef = F565592729910525003AB984 /* GoogleService-Info.plist */; };
		F5EC8398298FCF1F00E9205A /* FirebaseAnalytics in Frameworks */ = {isa = PBXBuildFile; productRef = F5EC8397298FCF1F00E9205A /* FirebaseAnalytics */; };
		F5EC839A298FCF1F00E9205A /* FirebaseAuth in Frameworks */ = {isa = PBXBuildFile; productRef = F5EC8399298FCF1F00E9205A /* FirebaseAuth */; };
		F5EC839C298FCF1F00E9205A /* FirebaseCrashlytics in Frameworks */ = {isa = PBXBuildFile; productRef = F5EC839B298FCF1F00E9205A /* FirebaseCrashlytics */; };
		F5EC839E298FCF1F00E9205A /* FirebaseDatabase in Frameworks */ = {isa = PBXBuildFile; productRef = F5EC839D298FCF1F00E9205A /* FirebaseDatabase */; };
		F5EC83A0298FCF1F00E9205A /* FirebaseStorage in Frameworks */ = {isa = PBXBuildFile; productRef = F5EC839F298FCF1F00E9205A /* FirebaseStorage */; };
		F5EC83A4298FD20100E9205A /* UserRegistrationModel.swift in Sources */ = {isa = PBXBuildFile; fileRef = F5EC83A3298FD20100E9205A /* UserRegistrationModel.swift */; };
		F5EC83A6298FD45D00E9205A /* HomepageVC.swift in Sources */ = {isa = PBXBuildFile; fileRef = F5EC83A5298FD45D00E9205A /* HomepageVC.swift */; };
/* End PBXBuildFile section */

/* Begin PBXFileReference section */
		F522D499298FB99600D1FA30 /* TrainingClass.app */ = {isa = PBXFileReference; explicitFileType = wrapper.application; includeInIndex = 0; path = TrainingClass.app; sourceTree = BUILT_PRODUCTS_DIR; };
		F522D49C298FB99600D1FA30 /* AppDelegate.swift */ = {isa = PBXFileReference; lastKnownFileType = sourcecode.swift; path = AppDelegate.swift; sourceTree = "<group>"; };
		F522D49E298FB99600D1FA30 /* SceneDelegate.swift */ = {isa = PBXFileReference; lastKnownFileType = sourcecode.swift; path = SceneDelegate.swift; sourceTree = "<group>"; };
		F522D4A0298FB99600D1FA30 /* ViewController.swift */ = {isa = PBXFileReference; lastKnownFileType = sourcecode.swift; path = ViewController.swift; sourceTree = "<group>"; };
		F522D4A3298FB99600D1FA30 /* Base */ = {isa = PBXFileReference; lastKnownFileType = file.storyboard; name = Base; path = Base.lproj/Main.storyboard; sourceTree = "<group>"; };
		F522D4A5298FB99700D1FA30 /* Assets.xcassets */ = {isa = PBXFileReference; lastKnownFileType = folder.assetcatalog; path = Assets.xcassets; sourceTree = "<group>"; };
		F522D4A8298FB99700D1FA30 /* Base */ = {isa = PBXFileReference; lastKnownFileType = file.storyboard; name = Base; path = Base.lproj/LaunchScreen.storyboard; sourceTree = "<group>"; };
		F522D4AA298FB99700D1FA30 /* Info.plist */ = {isa = PBXFileReference; lastKnownFileType = text.plist.xml; path = Info.plist; sourceTree = "<group>"; };
		F565592729910525003AB984 /* GoogleService-Info.plist */ = {isa = PBXFileReference; fileEncoding = 4; lastKnownFileType = text.plist.xml; path = "GoogleService-Info.plist"; sourceTree = "<group>"; };
		F5EC83A3298FD20100E9205A /* UserRegistrationModel.swift */ = {isa = PBXFileReference; lastKnownFileType = sourcecode.swift; path = UserRegistrationModel.swift; sourceTree = "<group>"; };
		F5EC83A5298FD45D00E9205A /* HomepageVC.swift */ = {isa = PBXFileReference; lastKnownFileType = sourcecode.swift; path = HomepageVC.swift; sourceTree = "<group>"; };
/* End PBXFileReference section */

/* Begin PBXFrameworksBuildPhase section */
		F522D496298FB99600D1FA30 /* Frameworks */ = {
			isa = PBXFrameworksBuildPhase;
			buildActionMask = 2147483647;
			files = (
				F5EC839C298FCF1F00E9205A /* FirebaseCrashlytics in Frameworks */,
				F5EC8398298FCF1F00E9205A /* FirebaseAnalytics in Frameworks */,
				F5EC839E298FCF1F00E9205A /* FirebaseDatabase in Frameworks */,
				F5EC83A0298FCF1F00E9205A /* FirebaseStorage in Frameworks */,
				F5EC839A298FCF1F00E9205A /* FirebaseAuth in Frameworks */,
			);
			runOnlyForDeploymentPostprocessing = 0;
		};
/* End PBXFrameworksBuildPhase section */

/* Begin PBXGroup section */
		F522D490298FB99600D1FA30 = {
			isa = PBXGroup;
			children = (
				F522D49B298FB99600D1FA30 /* TrainingClass */,
				F522D49A298FB99600D1FA30 /* Products */,
			);
			sourceTree = "<group>";
		};
		F522D49A298FB99600D1FA30 /* Products */ = {
			isa = PBXGroup;
			children = (
				F522D499298FB99600D1FA30 /* TrainingClass.app */,
			);
			name = Products;
			sourceTree = "<group>";
		};
		F522D49B298FB99600D1FA30 /* TrainingClass */ = {
			isa = PBXGroup;
			children = (
				F522D4B3298FB9E500D1FA30 /* Model */,
				F522D4B1298FB9C600D1FA30 /* View */,
				F522D4B2298FB9D300D1FA30 /* Controller */,
				F522D4A5298FB99700D1FA30 /* Assets.xcassets */,
				F565592729910525003AB984 /* GoogleService-Info.plist */,
				F522D4B0298FB9AD00D1FA30 /* AppDelegate */,
				F522D4AA298FB99700D1FA30 /* Info.plist */,
			);
			path = TrainingClass;
			sourceTree = "<group>";
		};
		F522D4B0298FB9AD00D1FA30 /* AppDelegate */ = {
			isa = PBXGroup;
			children = (
				F522D49C298FB99600D1FA30 /* AppDelegate.swift */,
				F522D49E298FB99600D1FA30 /* SceneDelegate.swift */,
			);
			path = AppDelegate;
			sourceTree = "<group>";
		};
		F522D4B1298FB9C600D1FA30 /* View */ = {
			isa = PBXGroup;
			children = (
				F522D4A7298FB99700D1FA30 /* LaunchScreen.storyboard */,
				F522D4A2298FB99600D1FA30 /* Main.storyboard */,
			);
			path = View;
			sourceTree = "<group>";
		};
		F522D4B2298FB9D300D1FA30 /* Controller */ = {
			isa = PBXGroup;
			children = (
				F522D4A0298FB99600D1FA30 /* ViewController.swift */,
				F5EC83A5298FD45D00E9205A /* HomepageVC.swift */,
			);
			path = Controller;
			sourceTree = "<group>";
		};
		F522D4B3298FB9E500D1FA30 /* Model */ = {
			isa = PBXGroup;
			children = (
				F5EC83A3298FD20100E9205A /* UserRegistrationModel.swift */,
			);
			path = Model;
			sourceTree = "<group>";
		};
/* End PBXGroup section */

/* Begin PBXNativeTarget section */
		F522D498298FB99600D1FA30 /* TrainingClass */ = {
			isa = PBXNativeTarget;
			buildConfigurationList = F522D4AD298FB99700D1FA30 /* Build configuration list for PBXNativeTarget "TrainingClass" */;
			buildPhases = (
				F522D495298FB99600D1FA30 /* Sources */,
				F522D496298FB99600D1FA30 /* Frameworks */,
				F522D497298FB99600D1FA30 /* Resources */,
			);
			buildRules = (
			);
			dependencies = (
			);
			name = TrainingClass;
			packageProductDependencies = (
				F5EC8397298FCF1F00E9205A /* FirebaseAnalytics */,
				F5EC8399298FCF1F00E9205A /* FirebaseAuth */,
				F5EC839B298FCF1F00E9205A /* FirebaseCrashlytics */,
				F5EC839D298FCF1F00E9205A /* FirebaseDatabase */,
				F5EC839F298FCF1F00E9205A /* FirebaseStorage */,
			);
			productName = TrainingClass;
			productReference = F522D499298FB99600D1FA30 /* TrainingClass.app */;
			productType = "com.apple.product-type.application";
		};
/* End PBXNativeTarget section */

/* Begin PBXProject section */
		F522D491298FB99600D1FA30 /* Project object */ = {
			isa = PBXProject;
			attributes = {
				BuildIndependentTargetsInParallel = 1;
				LastSwiftUpdateCheck = 1420;
				LastUpgradeCheck = 1420;
				TargetAttributes = {
					F522D498298FB99600D1FA30 = {
						CreatedOnToolsVersion = 14.2;
					};
				};
			};
			buildConfigurationList = F522D494298FB99600D1FA30 /* Build configuration list for PBXProject "TrainingClass" */;
			compatibilityVersion = "Xcode 14.0";
			developmentRegion = en;
			hasScannedForEncodings = 0;
			knownRegions = (
				en,
				Base,
			);
			mainGroup = F522D490298FB99600D1FA30;
			packageReferences = (
				F5EC8396298FCF1E00E9205A /* XCRemoteSwiftPackageReference "firebase-ios-sdk" */,
			);
			productRefGroup = F522D49A298FB99600D1FA30 /* Products */;
			projectDirPath = "";
			projectRoot = "";
			targets = (
				F522D498298FB99600D1FA30 /* TrainingClass */,
			);
		};
/* End PBXProject section */

/* Begin PBXResourcesBuildPhase section */
		F522D497298FB99600D1FA30 /* Resources */ = {
			isa = PBXResourcesBuildPhase;
			buildActionMask = 2147483647;
			files = (
				F522D4A9298FB99700D1FA30 /* LaunchScreen.storyboard in Resources */,
				F565592829910525003AB984 /* GoogleService-Info.plist in Resources */,
				F522D4A6298FB99700D1FA30 /* Assets.xcassets in Resources */,
				F522D4A4298FB99600D1FA30 /* Main.storyboard in Resources */,
			);
			runOnlyForDeploymentPostprocessing = 0;
		};
/* End PBXResourcesBuildPhase section */

/* Begin PBXSourcesBuildPhase section */
		F522D495298FB99600D1FA30 /* Sources */ = {
			isa = PBXSourcesBuildPhase;
			buildActionMask = 2147483647;
			files = (
				F522D4A1298FB99600D1FA30 /* ViewController.swift in Sources */,
				F5EC83A4298FD20100E9205A /* UserRegistrationModel.swift in Sources */,
				F522D49D298FB99600D1FA30 /* AppDelegate.swift in Sources */,
				F5EC83A6298FD45D00E9205A /* HomepageVC.swift in Sources */,
				F522D49F298FB99600D1FA30 /* SceneDelegate.swift in Sources */,
			);
			runOnlyForDeploymentPostprocessing = 0;
		};
/* End PBXSourcesBuildPhase section */

/* Begin PBXVariantGroup section */
		F522D4A2298FB99600D1FA30 /* Main.storyboard */ = {
			isa = PBXVariantGroup;
			children = (
				F522D4A3298FB99600D1FA30 /* Base */,
			);
			name = Main.storyboard;
			sourceTree = "<group>";
		};
		F522D4A7298FB99700D1FA30 /* LaunchScreen.storyboard */ = {
			isa = PBXVariantGroup;
			children = (
				F522D4A8298FB99700D1FA30 /* Base */,
			);
			name = LaunchScreen.storyboard;
			sourceTree = "<group>";
		};
/* End PBXVariantGroup section */

/* Begin XCBuildConfiguration section */
		F522D4AB298FB99700D1FA30 /* Debug */ = {
			isa = XCBuildConfiguration;
			buildSettings = {
				ALWAYS_SEARCH_USER_PATHS = NO;
				CLANG_ANALYZER_NONNULL = YES;
				CLANG_ANALYZER_NUMBER_OBJECT_CONVERSION = YES_AGGRESSIVE;
				CLANG_CXX_LANGUAGE_STANDARD = "gnu++20";
				CLANG_ENABLE_MODULES = YES;
				CLANG_ENABLE_OBJC_ARC = YES;
				CLANG_ENABLE_OBJC_WEAK = YES;
				CLANG_WARN_BLOCK_CAPTURE_AUTORELEASING = YES;
				CLANG_WARN_BOOL_CONVERSION = YES;
				CLANG_WARN_COMMA = YES;
				CLANG_WARN_CONSTANT_CONVERSION = YES;
				CLANG_WARN_DEPRECATED_OBJC_IMPLEMENTATIONS = YES;
				CLANG_WARN_DIRECT_OBJC_ISA_USAGE = YES_ERROR;
				CLANG_WARN_DOCUMENTATION_COMMENTS = YES;
				CLANG_WARN_EMPTY_BODY = YES;
				CLANG_WARN_ENUM_CONVERSION = YES;
				CLANG_WARN_INFINITE_RECURSION = YES;
				CLANG_WARN_INT_CONVERSION = YES;
				CLANG_WARN_NON_LITERAL_NULL_CONVERSION = YES;
				CLANG_WARN_OBJC_IMPLICIT_RETAIN_SELF = YES;
				CLANG_WARN_OBJC_LITERAL_CONVERSION = YES;
				CLANG_WARN_OBJC_ROOT_CLASS = YES_ERROR;
				CLANG_WARN_QUOTED_INCLUDE_IN_FRAMEWORK_HEADER = YES;
				CLANG_WARN_RANGE_LOOP_ANALYSIS = YES;
				CLANG_WARN_STRICT_PROTOTYPES = YES;
				CLANG_WARN_SUSPICIOUS_MOVE = YES;
				CLANG_WARN_UNGUARDED_AVAILABILITY = YES_AGGRESSIVE;
				CLANG_WARN_UNREACHABLE_CODE = YES;
				CLANG_WARN__DUPLICATE_METHOD_MATCH = YES;
				COPY_PHASE_STRIP = NO;
				DEBUG_INFORMATION_FORMAT = dwarf;
				ENABLE_STRICT_OBJC_MSGSEND = YES;
				ENABLE_TESTABILITY = YES;
				GCC_C_LANGUAGE_STANDARD = gnu11;
				GCC_DYNAMIC_NO_PIC = NO;
				GCC_NO_COMMON_BLOCKS = YES;
				GCC_OPTIMIZATION_LEVEL = 0;
				GCC_PREPROCESSOR_DEFINITIONS = (
					"DEBUG=1",
					"$(inherited)",
				);
				GCC_WARN_64_TO_32_BIT_CONVERSION = YES;
				GCC_WARN_ABOUT_RETURN_TYPE = YES_ERROR;
				GCC_WARN_UNDECLARED_SELECTOR = YES;
				GCC_WARN_UNINITIALIZED_AUTOS = YES_AGGRESSIVE;
				GCC_WARN_UNUSED_FUNCTION = YES;
				GCC_WARN_UNUSED_VARIABLE = YES;
				IPHONEOS_DEPLOYMENT_TARGET = 16.2;
				MTL_ENABLE_DEBUG_INFO = INCLUDE_SOURCE;
				MTL_FAST_MATH = YES;
				ONLY_ACTIVE_ARCH = YES;
				SDKROOT = iphoneos;
				SWIFT_ACTIVE_COMPILATION_CONDITIONS = DEBUG;
				SWIFT_OPTIMIZATION_LEVEL = "-Onone";
			};
			name = Debug;
		};
		F522D4AC298FB99700D1FA30 /* Release */ = {
			isa = XCBuildConfiguration;
			buildSettings = {
				ALWAYS_SEARCH_USER_PATHS = NO;
				CLANG_ANALYZER_NONNULL = YES;
				CLANG_ANALYZER_NUMBER_OBJECT_CONVERSION = YES_AGGRESSIVE;
				CLANG_CXX_LANGUAGE_STANDARD = "gnu++20";
				CLANG_ENABLE_MODULES = YES;
				CLANG_ENABLE_OBJC_ARC = YES;
				CLANG_ENABLE_OBJC_WEAK = YES;
				CLANG_WARN_BLOCK_CAPTURE_AUTORELEASING = YES;
				CLANG_WARN_BOOL_CONVERSION = YES;
				CLANG_WARN_COMMA = YES;
				CLANG_WARN_CONSTANT_CONVERSION = YES;
				CLANG_WARN_DEPRECATED_OBJC_IMPLEMENTATIONS = YES;
				CLANG_WARN_DIRECT_OBJC_ISA_USAGE = YES_ERROR;
				CLANG_WARN_DOCUMENTATION_COMMENTS = YES;
				CLANG_WARN_EMPTY_BODY = YES;
				CLANG_WARN_ENUM_CONVERSION = YES;
				CLANG_WARN_INFINITE_RECURSION = YES;
				CLANG_WARN_INT_CONVERSION = YES;
				CLANG_WARN_NON_LITERAL_NULL_CONVERSION = YES;
				CLANG_WARN_OBJC_IMPLICIT_RETAIN_SELF = YES;
				CLANG_WARN_OBJC_LITERAL_CONVERSION = YES;
				CLANG_WARN_OBJC_ROOT_CLASS = YES_ERROR;
				CLANG_WARN_QUOTED_INCLUDE_IN_FRAMEWORK_HEADER = YES;
				CLANG_WARN_RANGE_LOOP_ANALYSIS = YES;
				CLANG_WARN_STRICT_PROTOTYPES = YES;
				CLANG_WARN_SUSPICIOUS_MOVE = YES;
				CLANG_WARN_UNGUARDED_AVAILABILITY = YES_AGGRESSIVE;
				CLANG_WARN_UNREACHABLE_CODE = YES;
				CLANG_WARN__DUPLICATE_METHOD_MATCH = YES;
				COPY_PHASE_STRIP = NO;
				DEBUG_INFORMATION_FORMAT = "dwarf-with-dsym";
				ENABLE_NS_ASSERTIONS = NO;
				ENABLE_STRICT_OBJC_MSGSEND = YES;
				GCC_C_LANGUAGE_STANDARD = gnu11;
				GCC_NO_COMMON_BLOCKS = YES;
				GCC_WARN_64_TO_32_BIT_CONVERSION = YES;
				GCC_WARN_ABOUT_RETURN_TYPE = YES_ERROR;
				GCC_WARN_UNDECLARED_SELECTOR = YES;
				GCC_WARN_UNINITIALIZED_AUTOS = YES_AGGRESSIVE;
				GCC_WARN_UNUSED_FUNCTION = YES;
				GCC_WARN_UNUSED_VARIABLE = YES;
				IPHONEOS_DEPLOYMENT_TARGET = 16.2;
				MTL_ENABLE_DEBUG_INFO = NO;
				MTL_FAST_MATH = YES;
				SDKROOT = iphoneos;
				SWIFT_COMPILATION_MODE = wholemodule;
				SWIFT_OPTIMIZATION_LEVEL = "-O";
				VALIDATE_PRODUCT = YES;
			};
			name = Release;
		};
		F522D4AE298FB99700D1FA30 /* Debug */ = {
			isa = XCBuildConfiguration;
			buildSettings = {
				ASSETCATALOG_COMPILER_APPICON_NAME = AppIcon;
				ASSETCATALOG_COMPILER_GLOBAL_ACCENT_COLOR_NAME = AccentColor;
				CODE_SIGN_STYLE = Automatic;
				CURRENT_PROJECT_VERSION = 1;
				DEVELOPMENT_TEAM = L8L67VZR25;
				GENERATE_INFOPLIST_FILE = YES;
				INFOPLIST_FILE = TrainingClass/Info.plist;
				INFOPLIST_KEY_UIApplicationSupportsIndirectInputEvents = YES;
				INFOPLIST_KEY_UILaunchStoryboardName = LaunchScreen;
				INFOPLIST_KEY_UIMainStoryboardFile = Main;
				INFOPLIST_KEY_UISupportedInterfaceOrientations_iPad = "UIInterfaceOrientationPortrait UIInterfaceOrientationPortraitUpsideDown UIInterfaceOrientationLandscapeLeft UIInterfaceOrientationLandscapeRight";
				INFOPLIST_KEY_UISupportedInterfaceOrientations_iPhone = "UIInterfaceOrientationPortrait UIInterfaceOrientationLandscapeLeft UIInterfaceOrientationLandscapeRight";
				LD_RUNPATH_SEARCH_PATHS = (
					"$(inherited)",
					"@executable_path/Frameworks",
				);
				MARKETING_VERSION = 1.0;
				PRODUCT_BUNDLE_IDENTIFIER = "com.sattdima34-gmail.TrainingClass";
				PRODUCT_NAME = "$(TARGET_NAME)";
				SUPPORTED_PLATFORMS = "iphoneos iphonesimulator";
				SUPPORTS_MACCATALYST = NO;
				SUPPORTS_MAC_DESIGNED_FOR_IPHONE_IPAD = NO;
				SWIFT_EMIT_LOC_STRINGS = YES;
				SWIFT_VERSION = 5.0;
				TARGETED_DEVICE_FAMILY = 1;
			};
			name = Debug;
		};
		F522D4AF298FB99700D1FA30 /* Release */ = {
			isa = XCBuildConfiguration;
			buildSettings = {
				ASSETCATALOG_COMPILER_APPICON_NAME = AppIcon;
				ASSETCATALOG_COMPILER_GLOBAL_ACCENT_COLOR_NAME = AccentColor;
				CODE_SIGN_STYLE = Automatic;
				CURRENT_PROJECT_VERSION = 1;
				DEVELOPMENT_TEAM = L8L67VZR25;
				GENERATE_INFOPLIST_FILE = YES;
				INFOPLIST_FILE = TrainingClass/Info.plist;
				INFOPLIST_KEY_UIApplicationSupportsIndirectInputEvents = YES;
				INFOPLIST_KEY_UILaunchStoryboardName = LaunchScreen;
				INFOPLIST_KEY_UIMainStoryboardFile = Main;
				INFOPLIST_KEY_UISupportedInterfaceOrientations_iPad = "UIInterfaceOrientationPortrait UIInterfaceOrientationPortraitUpsideDown UIInterfaceOrientationLandscapeLeft UIInterfaceOrientationLandscapeRight";
				INFOPLIST_KEY_UISupportedInterfaceOrientations_iPhone = "UIInterfaceOrientationPortrait UIInterfaceOrientationLandscapeLeft UIInterfaceOrientationLandscapeRight";
				LD_RUNPATH_SEARCH_PATHS = (
					"$(inherited)",
					"@executable_path/Frameworks",
				);
				MARKETING_VERSION = 1.0;
				PRODUCT_BUNDLE_IDENTIFIER = "com.sattdima34-gmail.TrainingClass";
				PRODUCT_NAME = "$(TARGET_NAME)";
				SUPPORTED_PLATFORMS = "iphoneos iphonesimulator";
				SUPPORTS_MACCATALYST = NO;
				SUPPORTS_MAC_DESIGNED_FOR_IPHONE_IPAD = NO;
				SWIFT_EMIT_LOC_STRINGS = YES;
				SWIFT_VERSION = 5.0;
				TARGETED_DEVICE_FAMILY = 1;
			};
			name = Release;
		};
/* End XCBuildConfiguration section */

/* Begin XCConfigurationList section */
		F522D494298FB99600D1FA30 /* Build configuration list for PBXProject "TrainingClass" */ = {
			isa = XCConfigurationList;
			buildConfigurations = (
				F522D4AB298FB99700D1FA30 /* Debug */,
				F522D4AC298FB99700D1FA30 /* Release */,
			);
			defaultConfigurationIsVisible = 0;
			defaultConfigurationName = Release;
		};
		F522D4AD298FB99700D1FA30 /* Build configuration list for PBXNativeTarget "TrainingClass" */ = {
			isa = XCConfigurationList;
			buildConfigurations = (
				F522D4AE298FB99700D1FA30 /* Debug */,
				F522D4AF298FB99700D1FA30 /* Release */,
			);
			defaultConfigurationIsVisible = 0;
			defaultConfigurationName = Release;
		};
/* End XCConfigurationList section */

/* Begin XCRemoteSwiftPackageReference section */
		F5EC8396298FCF1E00E9205A /* XCRemoteSwiftPackageReference "firebase-ios-sdk" */ = {
			isa = XCRemoteSwiftPackageReference;
			repositoryURL = "https://github.com/firebase/firebase-ios-sdk";
			requirement = {
				kind = upToNextMajorVersion;
				minimumVersion = 10.4.0;
			};
		};
/* End XCRemoteSwiftPackageReference section */

/* Begin XCSwiftPackageProductDependency section */
		F5EC8397298FCF1F00E9205A /* FirebaseAnalytics */ = {
			isa = XCSwiftPackageProductDependency;
			package = F5EC8396298FCF1E00E9205A /* XCRemoteSwiftPackageReference "firebase-ios-sdk" */;
			productName = FirebaseAnalytics;
		};
		F5EC8399298FCF1F00E9205A /* FirebaseAuth */ = {
			isa = XCSwiftPackageProductDependency;
			package = F5EC8396298FCF1E00E9205A /* XCRemoteSwiftPackageReference "firebase-ios-sdk" */;
			productName = FirebaseAuth;
		};
		F5EC839B298FCF1F00E9205A /* FirebaseCrashlytics */ = {
			isa = XCSwiftPackageProductDependency;
			package = F5EC8396298FCF1E00E9205A /* XCRemoteSwiftPackageReference "firebase-ios-sdk" */;
			productName = FirebaseCrashlytics;
		};
		F5EC839D298FCF1F00E9205A /* FirebaseDatabase */ = {
			isa = XCSwiftPackageProductDependency;
			package = F5EC8396298FCF1E00E9205A /* XCRemoteSwiftPackageReference "firebase-ios-sdk" */;
			productName = FirebaseDatabase;
		};
		F5EC839F298FCF1F00E9205A /* FirebaseStorage */ = {
			isa = XCSwiftPackageProductDependency;
			package = F5EC8396298FCF1E00E9205A /* XCRemoteSwiftPackageReference "firebase-ios-sdk" */;
			productName = FirebaseStorage;
		};
/* End XCSwiftPackageProductDependency section */
	};
	rootObject = F522D491298FB99600D1FA30 /* Project object */;
}
